
Microsoft Visual Studio Solution File, Format Version 12.00
# Visual Studio 2013
VisualStudioVersion = 12.0.31101.0
MinimumVisualStudioVersion = 10.0.40219.1
Project("{FAE04EC0-301F-11D3-BF4B-00C04F79EFBC}") = "TalBrody", "TalBrody\TalBrody.csproj", "{7D4EE513-1EE1-4CFC-8CB9-9F8D21636571}"
EndProject
Project("{FAE04EC0-301F-11D3-BF4B-00C04F79EFBC}") = "TalBrodyTests", "TalBrodyTests\TalBrodyTests.csproj", "{4073FD8F-48F3-400A-BE34-89800793AECB}"
EndProject
Project("{FAE04EC0-301F-11D3-BF4B-00C04F79EFBC}") = "DotNetOpenAuth.ApplicationBlock", "DotNetOpenAuth.ApplicationBlock\DotNetOpenAuth.ApplicationBlock.csproj", "{AA78D112-D889-414B-A7D4-467B34C7B663}"
EndProject
Project("{2150E333-8FDC-42A3-9474-1A3956D46DE8}") = "Solution Items", "Solution Items", "{CFC51862-189F-4663-96DE-D5F3B42D162D}"
	ProjectSection(SolutionItems) = preProject
		WebEssentials-Settings.json = WebEssentials-Settings.json
	EndProjectSection
EndProject
Global
	GlobalSection(SolutionConfigurationPlatforms) = preSolution
		CodeAnalysis|Any CPU = CodeAnalysis|Any CPU
		Debug|Any CPU = Debug|Any CPU
		Release|Any CPU = Release|Any CPU
	EndGlobalSection
	GlobalSection(ProjectConfigurationPlatforms) = postSolution
		{7D4EE513-1EE1-4CFC-8CB9-9F8D21636571}.CodeAnalysis|Any CPU.ActiveCfg = Release|Any CPU
		{7D4EE513-1EE1-4CFC-8CB9-9F8D21636571}.CodeAnalysis|Any CPU.Build.0 = Release|Any CPU
		{7D4EE513-1EE1-4CFC-8CB9-9F8D21636571}.Debug|Any CPU.ActiveCfg = Debug|Any CPU
		{7D4EE513-1EE1-4CFC-8CB9-9F8D21636571}.Debug|Any CPU.Build.0 = Debug|Any CPU
		{7D4EE513-1EE1-4CFC-8CB9-9F8D21636571}.Release|Any CPU.ActiveCfg = Release|Any CPU
		{7D4EE513-1EE1-4CFC-8CB9-9F8D21636571}.Release|Any CPU.Build.0 = Release|Any CPU
		{4073FD8F-48F3-400A-BE34-89800793AECB}.CodeAnalysis|Any CPU.ActiveCfg = Release|Any CPU
		{4073FD8F-48F3-400A-BE34-89800793AECB}.CodeAnalysis|Any CPU.Build.0 = Release|Any CPU
		{4073FD8F-48F3-400A-BE34-89800793AECB}.Debug|Any CPU.ActiveCfg = Debug|Any CPU
		{4073FD8F-48F3-400A-BE34-89800793AECB}.Debug|Any CPU.Build.0 = Debug|Any CPU
		{4073FD8F-48F3-400A-BE34-89800793AECB}.Release|Any CPU.ActiveCfg = Release|Any CPU
		{4073FD8F-48F3-400A-BE34-89800793AECB}.Release|Any CPU.Build.0 = Release|Any CPU
		{AA78D112-D889-414B-A7D4-467B34C7B663}.CodeAnalysis|Any CPU.ActiveCfg = CodeAnalysis|Any CPU
		{AA78D112-D889-414B-A7D4-467B34C7B663}.CodeAnalysis|Any CPU.Build.0 = CodeAnalysis|Any CPU
		{AA78D112-D889-414B-A7D4-467B34C7B663}.Debug|Any CPU.ActiveCfg = Debug|Any CPU
		{AA78D112-D889-414B-A7D4-467B34C7B663}.Debug|Any CPU.Build.0 = Debug|Any CPU
		{AA78D112-D889-414B-A7D4-467B34C7B663}.Release|Any CPU.ActiveCfg = Release|Any CPU
		{AA78D112-D889-414B-A7D4-467B34C7B663}.Release|Any CPU.Build.0 = Release|Any CPU
	EndGlobalSection
	GlobalSection(SolutionProperties) = preSolution
		HideSolutionNode = FALSE
	EndGlobalSection
EndGlobal
